// !$*UTF8*$!
{
	archiveVersion = 1;
	classes = {
	};
	objectVersion = 50;
	objects = {

/* Begin PBXBuildFile section */
		5A8EEA3C263816A2001B5835 /* OptionsView.swift in Sources */ = {isa = PBXBuildFile; fileRef = 5A8EEA3B263816A2001B5835 /* OptionsView.swift */; };
		5AA55F88263433E4003EB652 /* HomeView.swift in Sources */ = {isa = PBXBuildFile; fileRef = 5AA55F87263433E4003EB652 /* HomeView.swift */; };
		5AA55F90263434BC003EB652 /* FavoritesView.swift in Sources */ = {isa = PBXBuildFile; fileRef = 5AA55F8F263434BC003EB652 /* FavoritesView.swift */; };
		5AA55FA12635893B003EB652 /* Joke.swift in Sources */ = {isa = PBXBuildFile; fileRef = 5AA55FA02635893B003EB652 /* Joke.swift */; };
		5AA55FB026358CCA003EB652 /* AppAction.swift in Sources */ = {isa = PBXBuildFile; fileRef = 5AA55FAF26358CCA003EB652 /* AppAction.swift */; };
		5AA55FBE26358DCA003EB652 /* AppState+Store.swift in Sources */ = {isa = PBXBuildFile; fileRef = 5AA55FBD26358DCA003EB652 /* AppState+Store.swift */; };
		5AA55FC62635AA6E003EB652 /* RequestState.swift in Sources */ = {isa = PBXBuildFile; fileRef = 5AA55FC52635AA6E003EB652 /* RequestState.swift */; };
		5AA55FCB2635B0A3003EB652 /* StoreTests.swift in Sources */ = {isa = PBXBuildFile; fileRef = 5AA55FCA2635B0A3003EB652 /* StoreTests.swift */; };
		5ABE51D72638025900FE7401 /* Color.swift in Sources */ = {isa = PBXBuildFile; fileRef = 5ABE51D62638025900FE7401 /* Color.swift */; };
		5ABE51DD2638028B00FE7401 /* Env.swift in Sources */ = {isa = PBXBuildFile; fileRef = 5ABE51DC2638028B00FE7401 /* Env.swift */; };
		5ABE51E62638033200FE7401 /* JokeCell.swift in Sources */ = {isa = PBXBuildFile; fileRef = 5ABE51E42638033200FE7401 /* JokeCell.swift */; };
		5ABE51E72638033200FE7401 /* ErrorView.swift in Sources */ = {isa = PBXBuildFile; fileRef = 5ABE51E52638033200FE7401 /* ErrorView.swift */; };
		5ABE51EC2638035C00FE7401 /* QuoteReplacement.swift in Sources */ = {isa = PBXBuildFile; fileRef = 5ABE51EB2638035C00FE7401 /* QuoteReplacement.swift */; };
		5ABE521526380F6600FE7401 /* StandardButton.swift in Sources */ = {isa = PBXBuildFile; fileRef = 5ABE521426380F6600FE7401 /* StandardButton.swift */; };
		5ADFF3A0263293D1007F21D3 /* AppDelegate.swift in Sources */ = {isa = PBXBuildFile; fileRef = 5ADFF39F263293D1007F21D3 /* AppDelegate.swift */; };
		5ADFF3A2263293D1007F21D3 /* SceneDelegate.swift in Sources */ = {isa = PBXBuildFile; fileRef = 5ADFF3A1263293D1007F21D3 /* SceneDelegate.swift */; };
		5ADFF3A4263293D1007F21D3 /* JokesView.swift in Sources */ = {isa = PBXBuildFile; fileRef = 5ADFF3A3263293D1007F21D3 /* JokesView.swift */; };
		5ADFF3A6263293D2007F21D3 /* Assets.xcassets in Resources */ = {isa = PBXBuildFile; fileRef = 5ADFF3A5263293D2007F21D3 /* Assets.xcassets */; };
		5ADFF3A9263293D2007F21D3 /* Preview Assets.xcassets in Resources */ = {isa = PBXBuildFile; fileRef = 5ADFF3A8263293D2007F21D3 /* Preview Assets.xcassets */; };
		5ADFF3AC263293D2007F21D3 /* LaunchScreen.storyboard in Resources */ = {isa = PBXBuildFile; fileRef = 5ADFF3AA263293D2007F21D3 /* LaunchScreen.storyboard */; };
		5ADFF3C2263293D2007F21D3 /* ChuckNorrisRulesUITests.swift in Sources */ = {isa = PBXBuildFile; fileRef = 5ADFF3C1263293D2007F21D3 /* ChuckNorrisRulesUITests.swift */; };
		5ADFF3D32633FE09007F21D3 /* NetworkAPI.swift in Sources */ = {isa = PBXBuildFile; fileRef = 5ADFF3D22633FE09007F21D3 /* NetworkAPI.swift */; };
		5ADFF3D82633FFA1007F21D3 /* ChuckNorrisClient.swift in Sources */ = {isa = PBXBuildFile; fileRef = 5ADFF3D72633FFA1007F21D3 /* ChuckNorrisClient.swift */; };
		5ADFF3E4263412F4007F21D3 /* Store.swift in Sources */ = {isa = PBXBuildFile; fileRef = 5ADFF3E3263412F4007F21D3 /* Store.swift */; };
/* End PBXBuildFile section */

/* Begin PBXContainerItemProxy section */
		5ADFF3B3263293D2007F21D3 /* PBXContainerItemProxy */ = {
			isa = PBXContainerItemProxy;
			containerPortal = 5ADFF394263293D1007F21D3 /* Project object */;
			proxyType = 1;
			remoteGlobalIDString = 5ADFF39B263293D1007F21D3;
			remoteInfo = ChuckNorrisRules;
		};
		5ADFF3BE263293D2007F21D3 /* PBXContainerItemProxy */ = {
			isa = PBXContainerItemProxy;
			containerPortal = 5ADFF394263293D1007F21D3 /* Project object */;
			proxyType = 1;
			remoteGlobalIDString = 5ADFF39B263293D1007F21D3;
			remoteInfo = ChuckNorrisRules;
		};
/* End PBXContainerItemProxy section */

/* Begin PBXFileReference section */
		5A8EEA3B263816A2001B5835 /* OptionsView.swift */ = {isa = PBXFileReference; lastKnownFileType = sourcecode.swift; path = OptionsView.swift; sourceTree = "<group>"; };
		5AA55F87263433E4003EB652 /* HomeView.swift */ = {isa = PBXFileReference; lastKnownFileType = sourcecode.swift; path = HomeView.swift; sourceTree = "<group>"; };
		5AA55F8F263434BC003EB652 /* FavoritesView.swift */ = {isa = PBXFileReference; lastKnownFileType = sourcecode.swift; path = FavoritesView.swift; sourceTree = "<group>"; };
		5AA55FA02635893B003EB652 /* Joke.swift */ = {isa = PBXFileReference; lastKnownFileType = sourcecode.swift; path = Joke.swift; sourceTree = "<group>"; };
		5AA55FAF26358CCA003EB652 /* AppAction.swift */ = {isa = PBXFileReference; lastKnownFileType = sourcecode.swift; path = AppAction.swift; sourceTree = "<group>"; };
		5AA55FBD26358DCA003EB652 /* AppState+Store.swift */ = {isa = PBXFileReference; lastKnownFileType = sourcecode.swift; path = "AppState+Store.swift"; sourceTree = "<group>"; };
		5AA55FC52635AA6E003EB652 /* RequestState.swift */ = {isa = PBXFileReference; lastKnownFileType = sourcecode.swift; path = RequestState.swift; sourceTree = "<group>"; };
		5AA55FCA2635B0A3003EB652 /* StoreTests.swift */ = {isa = PBXFileReference; lastKnownFileType = sourcecode.swift; path = StoreTests.swift; sourceTree = "<group>"; };
		5ABE51D62638025900FE7401 /* Color.swift */ = {isa = PBXFileReference; fileEncoding = 4; lastKnownFileType = sourcecode.swift; path = Color.swift; sourceTree = "<group>"; };
		5ABE51DC2638028B00FE7401 /* Env.swift */ = {isa = PBXFileReference; fileEncoding = 4; lastKnownFileType = sourcecode.swift; path = Env.swift; sourceTree = "<group>"; };
		5ABE51E42638033200FE7401 /* JokeCell.swift */ = {isa = PBXFileReference; fileEncoding = 4; lastKnownFileType = sourcecode.swift; path = JokeCell.swift; sourceTree = "<group>"; };
		5ABE51E52638033200FE7401 /* ErrorView.swift */ = {isa = PBXFileReference; fileEncoding = 4; lastKnownFileType = sourcecode.swift; path = ErrorView.swift; sourceTree = "<group>"; };
		5ABE51EB2638035C00FE7401 /* QuoteReplacement.swift */ = {isa = PBXFileReference; fileEncoding = 4; lastKnownFileType = sourcecode.swift; path = QuoteReplacement.swift; sourceTree = "<group>"; };
		5ABE521426380F6600FE7401 /* StandardButton.swift */ = {isa = PBXFileReference; lastKnownFileType = sourcecode.swift; path = StandardButton.swift; sourceTree = "<group>"; };
		5ADFF39C263293D1007F21D3 /* ChuckNorrisRules.app */ = {isa = PBXFileReference; explicitFileType = wrapper.application; includeInIndex = 0; path = ChuckNorrisRules.app; sourceTree = BUILT_PRODUCTS_DIR; };
		5ADFF39F263293D1007F21D3 /* AppDelegate.swift */ = {isa = PBXFileReference; lastKnownFileType = sourcecode.swift; path = AppDelegate.swift; sourceTree = "<group>"; };
		5ADFF3A1263293D1007F21D3 /* SceneDelegate.swift */ = {isa = PBXFileReference; lastKnownFileType = sourcecode.swift; path = SceneDelegate.swift; sourceTree = "<group>"; };
		5ADFF3A3263293D1007F21D3 /* JokesView.swift */ = {isa = PBXFileReference; lastKnownFileType = sourcecode.swift; path = JokesView.swift; sourceTree = "<group>"; };
		5ADFF3A5263293D2007F21D3 /* Assets.xcassets */ = {isa = PBXFileReference; lastKnownFileType = folder.assetcatalog; path = Assets.xcassets; sourceTree = "<group>"; };
		5ADFF3A8263293D2007F21D3 /* Preview Assets.xcassets */ = {isa = PBXFileReference; lastKnownFileType = folder.assetcatalog; path = "Preview Assets.xcassets"; sourceTree = "<group>"; };
		5ADFF3AB263293D2007F21D3 /* Base */ = {isa = PBXFileReference; lastKnownFileType = file.storyboard; name = Base; path = Base.lproj/LaunchScreen.storyboard; sourceTree = "<group>"; };
		5ADFF3AD263293D2007F21D3 /* Info.plist */ = {isa = PBXFileReference; lastKnownFileType = text.plist.xml; path = Info.plist; sourceTree = "<group>"; };
		5ADFF3B2263293D2007F21D3 /* ChuckNorrisRulesTests.xctest */ = {isa = PBXFileReference; explicitFileType = wrapper.cfbundle; includeInIndex = 0; path = ChuckNorrisRulesTests.xctest; sourceTree = BUILT_PRODUCTS_DIR; };
		5ADFF3B8263293D2007F21D3 /* Info.plist */ = {isa = PBXFileReference; lastKnownFileType = text.plist.xml; path = Info.plist; sourceTree = "<group>"; };
		5ADFF3BD263293D2007F21D3 /* ChuckNorrisRulesUITests.xctest */ = {isa = PBXFileReference; explicitFileType = wrapper.cfbundle; includeInIndex = 0; path = ChuckNorrisRulesUITests.xctest; sourceTree = BUILT_PRODUCTS_DIR; };
		5ADFF3C1263293D2007F21D3 /* ChuckNorrisRulesUITests.swift */ = {isa = PBXFileReference; lastKnownFileType = sourcecode.swift; path = ChuckNorrisRulesUITests.swift; sourceTree = "<group>"; };
		5ADFF3C3263293D2007F21D3 /* Info.plist */ = {isa = PBXFileReference; lastKnownFileType = text.plist.xml; path = Info.plist; sourceTree = "<group>"; };
		5ADFF3D22633FE09007F21D3 /* NetworkAPI.swift */ = {isa = PBXFileReference; lastKnownFileType = sourcecode.swift; path = NetworkAPI.swift; sourceTree = "<group>"; };
		5ADFF3D72633FFA1007F21D3 /* ChuckNorrisClient.swift */ = {isa = PBXFileReference; lastKnownFileType = sourcecode.swift; path = ChuckNorrisClient.swift; sourceTree = "<group>"; };
		5ADFF3E3263412F4007F21D3 /* Store.swift */ = {isa = PBXFileReference; lastKnownFileType = sourcecode.swift; path = Store.swift; sourceTree = "<group>"; };
/* End PBXFileReference section */

/* Begin PBXFrameworksBuildPhase section */
		5ADFF399263293D1007F21D3 /* Frameworks */ = {
			isa = PBXFrameworksBuildPhase;
			buildActionMask = 2147483647;
			files = (
			);
			runOnlyForDeploymentPostprocessing = 0;
		};
		5ADFF3AF263293D2007F21D3 /* Frameworks */ = {
			isa = PBXFrameworksBuildPhase;
			buildActionMask = 2147483647;
			files = (
			);
			runOnlyForDeploymentPostprocessing = 0;
		};
		5ADFF3BA263293D2007F21D3 /* Frameworks */ = {
			isa = PBXFrameworksBuildPhase;
			buildActionMask = 2147483647;
			files = (
			);
			runOnlyForDeploymentPostprocessing = 0;
		};
/* End PBXFrameworksBuildPhase section */

/* Begin PBXGroup section */
		5AA55FAB26358C87003EB652 /* Store */ = {
			isa = PBXGroup;
			children = (
				5ADFF3E3263412F4007F21D3 /* Store.swift */,
				5ABE51DC2638028B00FE7401 /* Env.swift */,
			);
			path = Store;
			sourceTree = "<group>";
		};
		5AA55FBC26358D9C003EB652 /* AppState */ = {
			isa = PBXGroup;
			children = (
				5AA55FAF26358CCA003EB652 /* AppAction.swift */,
				5AA55FBD26358DCA003EB652 /* AppState+Store.swift */,
			);
			path = AppState;
			sourceTree = "<group>";
		};
		5ABE51DB2638025D00FE7401 /* Styling */ = {
			isa = PBXGroup;
			children = (
				5ABE51D62638025900FE7401 /* Color.swift */,
			);
			path = Styling;
			sourceTree = "<group>";
		};
		5ABE51F02638036000FE7401 /* Helpers */ = {
			isa = PBXGroup;
			children = (
				5ABE51EB2638035C00FE7401 /* QuoteReplacement.swift */,
			);
			path = Helpers;
			sourceTree = "<group>";
		};
		5ABE51F12638036A00FE7401 /* Screens */ = {
			isa = PBXGroup;
			children = (
				5AA55F87263433E4003EB652 /* HomeView.swift */,
				5ADFF3A3263293D1007F21D3 /* JokesView.swift */,
				5AA55F8F263434BC003EB652 /* FavoritesView.swift */,
			);
			path = Screens;
			sourceTree = "<group>";
		};
		5ABE51F22638037800FE7401 /* UtilityViews */ = {
			isa = PBXGroup;
			children = (
				5A8EEA3B263816A2001B5835 /* OptionsView.swift */,
				5ABE51E52638033200FE7401 /* ErrorView.swift */,
				5ABE51E42638033200FE7401 /* JokeCell.swift */,
				5ABE521426380F6600FE7401 /* StandardButton.swift */,
			);
			path = UtilityViews;
			sourceTree = "<group>";
		};
		5ADFF393263293D1007F21D3 = {
			isa = PBXGroup;
			children = (
				5ADFF39E263293D1007F21D3 /* ChuckNorrisRules */,
				5ADFF3B5263293D2007F21D3 /* ChuckNorrisRulesTests */,
				5ADFF3C0263293D2007F21D3 /* ChuckNorrisRulesUITests */,
				5ADFF39D263293D1007F21D3 /* Products */,
			);
			sourceTree = "<group>";
		};
		5ADFF39D263293D1007F21D3 /* Products */ = {
			isa = PBXGroup;
			children = (
				5ADFF39C263293D1007F21D3 /* ChuckNorrisRules.app */,
				5ADFF3B2263293D2007F21D3 /* ChuckNorrisRulesTests.xctest */,
				5ADFF3BD263293D2007F21D3 /* ChuckNorrisRulesUITests.xctest */,
			);
			name = Products;
			sourceTree = "<group>";
		};
		5ADFF39E263293D1007F21D3 /* ChuckNorrisRules */ = {
			isa = PBXGroup;
			children = (
				5ABE51DB2638025D00FE7401 /* Styling */,
				5AA55FAB26358C87003EB652 /* Store */,
				5AA55FBC26358D9C003EB652 /* AppState */,
				5ADFF3E2263412DA007F21D3 /* Models */,
				5ADFF3E1263412CD007F21D3 /* Network */,
				5ADFF39F263293D1007F21D3 /* AppDelegate.swift */,
				5ADFF3A1263293D1007F21D3 /* SceneDelegate.swift */,
				5ABE51F12638036A00FE7401 /* Screens */,
				5ABE51F22638037800FE7401 /* UtilityViews */,
				5ADFF3A5263293D2007F21D3 /* Assets.xcassets */,
				5ADFF3AA263293D2007F21D3 /* LaunchScreen.storyboard */,
				5ADFF3AD263293D2007F21D3 /* Info.plist */,
				5ADFF3A7263293D2007F21D3 /* Preview Content */,
			);
			path = ChuckNorrisRules;
			sourceTree = "<group>";
		};
		5ADFF3A7263293D2007F21D3 /* Preview Content */ = {
			isa = PBXGroup;
			children = (
				5ADFF3A8263293D2007F21D3 /* Preview Assets.xcassets */,
			);
			path = "Preview Content";
			sourceTree = "<group>";
		};
		5ADFF3B5263293D2007F21D3 /* ChuckNorrisRulesTests */ = {
			isa = PBXGroup;
			children = (
				5ADFF3B8263293D2007F21D3 /* Info.plist */,
				5AA55FCA2635B0A3003EB652 /* StoreTests.swift */,
			);
			path = ChuckNorrisRulesTests;
			sourceTree = "<group>";
		};
		5ADFF3C0263293D2007F21D3 /* ChuckNorrisRulesUITests */ = {
			isa = PBXGroup;
			children = (
				5ADFF3C1263293D2007F21D3 /* ChuckNorrisRulesUITests.swift */,
				5ADFF3C3263293D2007F21D3 /* Info.plist */,
			);
			path = ChuckNorrisRulesUITests;
			sourceTree = "<group>";
		};
		5ADFF3E1263412CD007F21D3 /* Network */ = {
			isa = PBXGroup;
			children = (
				5AA55FC52635AA6E003EB652 /* RequestState.swift */,
				5ADFF3D22633FE09007F21D3 /* NetworkAPI.swift */,
				5ADFF3D72633FFA1007F21D3 /* ChuckNorrisClient.swift */,
				5ABE51F02638036000FE7401 /* Helpers */,
			);
			path = Network;
			sourceTree = "<group>";
		};
		5ADFF3E2263412DA007F21D3 /* Models */ = {
			isa = PBXGroup;
			children = (
				5AA55FA02635893B003EB652 /* Joke.swift */,
			);
			path = Models;
			sourceTree = "<group>";
		};
/* End PBXGroup section */

/* Begin PBXNativeTarget section */
		5ADFF39B263293D1007F21D3 /* ChuckNorrisRules */ = {
			isa = PBXNativeTarget;
			buildConfigurationList = 5ADFF3C6263293D2007F21D3 /* Build configuration list for PBXNativeTarget "ChuckNorrisRules" */;
			buildPhases = (
				5ADFF398263293D1007F21D3 /* Sources */,
				5ADFF399263293D1007F21D3 /* Frameworks */,
				5ADFF39A263293D1007F21D3 /* Resources */,
			);
			buildRules = (
			);
			dependencies = (
			);
			name = ChuckNorrisRules;
			packageProductDependencies = (
			);
			productName = ChuckNorrisRules;
			productReference = 5ADFF39C263293D1007F21D3 /* ChuckNorrisRules.app */;
			productType = "com.apple.product-type.application";
		};
		5ADFF3B1263293D2007F21D3 /* ChuckNorrisRulesTests */ = {
			isa = PBXNativeTarget;
			buildConfigurationList = 5ADFF3C9263293D2007F21D3 /* Build configuration list for PBXNativeTarget "ChuckNorrisRulesTests" */;
			buildPhases = (
				5ADFF3AE263293D2007F21D3 /* Sources */,
				5ADFF3AF263293D2007F21D3 /* Frameworks */,
				5ADFF3B0263293D2007F21D3 /* Resources */,
			);
			buildRules = (
			);
			dependencies = (
				5ADFF3B4263293D2007F21D3 /* PBXTargetDependency */,
			);
			name = ChuckNorrisRulesTests;
			productName = ChuckNorrisRulesTests;
			productReference = 5ADFF3B2263293D2007F21D3 /* ChuckNorrisRulesTests.xctest */;
			productType = "com.apple.product-type.bundle.unit-test";
		};
		5ADFF3BC263293D2007F21D3 /* ChuckNorrisRulesUITests */ = {
			isa = PBXNativeTarget;
			buildConfigurationList = 5ADFF3CC263293D2007F21D3 /* Build configuration list for PBXNativeTarget "ChuckNorrisRulesUITests" */;
			buildPhases = (
				5ADFF3B9263293D2007F21D3 /* Sources */,
				5ADFF3BA263293D2007F21D3 /* Frameworks */,
				5ADFF3BB263293D2007F21D3 /* Resources */,
			);
			buildRules = (
			);
			dependencies = (
				5ADFF3BF263293D2007F21D3 /* PBXTargetDependency */,
			);
			name = ChuckNorrisRulesUITests;
			productName = ChuckNorrisRulesUITests;
			productReference = 5ADFF3BD263293D2007F21D3 /* ChuckNorrisRulesUITests.xctest */;
			productType = "com.apple.product-type.bundle.ui-testing";
		};
/* End PBXNativeTarget section */

/* Begin PBXProject section */
		5ADFF394263293D1007F21D3 /* Project object */ = {
			isa = PBXProject;
			attributes = {
				LastSwiftUpdateCheck = 1240;
				LastUpgradeCheck = 1240;
				TargetAttributes = {
					5ADFF39B263293D1007F21D3 = {
						CreatedOnToolsVersion = 12.4;
					};
					5ADFF3B1263293D2007F21D3 = {
						CreatedOnToolsVersion = 12.4;
						TestTargetID = 5ADFF39B263293D1007F21D3;
					};
					5ADFF3BC263293D2007F21D3 = {
						CreatedOnToolsVersion = 12.4;
						TestTargetID = 5ADFF39B263293D1007F21D3;
					};
				};
			};
			buildConfigurationList = 5ADFF397263293D1007F21D3 /* Build configuration list for PBXProject "ChuckNorrisRules" */;
			compatibilityVersion = "Xcode 9.3";
			developmentRegion = en;
			hasScannedForEncodings = 0;
			knownRegions = (
				en,
				Base,
			);
			mainGroup = 5ADFF393263293D1007F21D3;
			packageReferences = (
			);
			productRefGroup = 5ADFF39D263293D1007F21D3 /* Products */;
			projectDirPath = "";
			projectRoot = "";
			targets = (
				5ADFF39B263293D1007F21D3 /* ChuckNorrisRules */,
				5ADFF3B1263293D2007F21D3 /* ChuckNorrisRulesTests */,
				5ADFF3BC263293D2007F21D3 /* ChuckNorrisRulesUITests */,
			);
		};
/* End PBXProject section */

/* Begin PBXResourcesBuildPhase section */
		5ADFF39A263293D1007F21D3 /* Resources */ = {
			isa = PBXResourcesBuildPhase;
			buildActionMask = 2147483647;
			files = (
				5ADFF3AC263293D2007F21D3 /* LaunchScreen.storyboard in Resources */,
				5ADFF3A9263293D2007F21D3 /* Preview Assets.xcassets in Resources */,
				5ADFF3A6263293D2007F21D3 /* Assets.xcassets in Resources */,
			);
			runOnlyForDeploymentPostprocessing = 0;
		};
		5ADFF3B0263293D2007F21D3 /* Resources */ = {
			isa = PBXResourcesBuildPhase;
			buildActionMask = 2147483647;
			files = (
			);
			runOnlyForDeploymentPostprocessing = 0;
		};
		5ADFF3BB263293D2007F21D3 /* Resources */ = {
			isa = PBXResourcesBuildPhase;
			buildActionMask = 2147483647;
			files = (
			);
			runOnlyForDeploymentPostprocessing = 0;
		};
/* End PBXResourcesBuildPhase section */

/* Begin PBXSourcesBuildPhase section */
		5ADFF398263293D1007F21D3 /* Sources */ = {
			isa = PBXSourcesBuildPhase;
			buildActionMask = 2147483647;
			files = (
				5ADFF3D82633FFA1007F21D3 /* ChuckNorrisClient.swift in Sources */,
				5AA55F88263433E4003EB652 /* HomeView.swift in Sources */,
				5ABE521526380F6600FE7401 /* StandardButton.swift in Sources */,
				5ABE51EC2638035C00FE7401 /* QuoteReplacement.swift in Sources */,
				5AA55FC62635AA6E003EB652 /* RequestState.swift in Sources */,
				5ADFF3A0263293D1007F21D3 /* AppDelegate.swift in Sources */,
				5ABE51D72638025900FE7401 /* Color.swift in Sources */,
				5AA55FBE26358DCA003EB652 /* AppState+Store.swift in Sources */,
				5ADFF3A2263293D1007F21D3 /* SceneDelegate.swift in Sources */,
				5AA55F90263434BC003EB652 /* FavoritesView.swift in Sources */,
				5AA55FA12635893B003EB652 /* Joke.swift in Sources */,
				5ADFF3E4263412F4007F21D3 /* Store.swift in Sources */,
				5A8EEA3C263816A2001B5835 /* OptionsView.swift in Sources */,
				5AA55FB026358CCA003EB652 /* AppAction.swift in Sources */,
				5ABE51E62638033200FE7401 /* JokeCell.swift in Sources */,
				5ADFF3A4263293D1007F21D3 /* JokesView.swift in Sources */,
				5ADFF3D32633FE09007F21D3 /* NetworkAPI.swift in Sources */,
				5ABE51DD2638028B00FE7401 /* Env.swift in Sources */,
				5ABE51E72638033200FE7401 /* ErrorView.swift in Sources */,
			);
			runOnlyForDeploymentPostprocessing = 0;
		};
		5ADFF3AE263293D2007F21D3 /* Sources */ = {
			isa = PBXSourcesBuildPhase;
			buildActionMask = 2147483647;
			files = (
				5AA55FCB2635B0A3003EB652 /* StoreTests.swift in Sources */,
			);
			runOnlyForDeploymentPostprocessing = 0;
		};
		5ADFF3B9263293D2007F21D3 /* Sources */ = {
			isa = PBXSourcesBuildPhase;
			buildActionMask = 2147483647;
			files = (
				5ADFF3C2263293D2007F21D3 /* ChuckNorrisRulesUITests.swift in Sources */,
			);
			runOnlyForDeploymentPostprocessing = 0;
		};
/* End PBXSourcesBuildPhase section */

/* Begin PBXTargetDependency section */
		5ADFF3B4263293D2007F21D3 /* PBXTargetDependency */ = {
			isa = PBXTargetDependency;
			target = 5ADFF39B263293D1007F21D3 /* ChuckNorrisRules */;
			targetProxy = 5ADFF3B3263293D2007F21D3 /* PBXContainerItemProxy */;
		};
		5ADFF3BF263293D2007F21D3 /* PBXTargetDependency */ = {
			isa = PBXTargetDependency;
			target = 5ADFF39B263293D1007F21D3 /* ChuckNorrisRules */;
			targetProxy = 5ADFF3BE263293D2007F21D3 /* PBXContainerItemProxy */;
		};
/* End PBXTargetDependency section */

/* Begin PBXVariantGroup section */
		5ADFF3AA263293D2007F21D3 /* LaunchScreen.storyboard */ = {
			isa = PBXVariantGroup;
			children = (
				5ADFF3AB263293D2007F21D3 /* Base */,
			);
			name = LaunchScreen.storyboard;
			sourceTree = "<group>";
		};
/* End PBXVariantGroup section */

/* Begin XCBuildConfiguration section */
		5ADFF3C4263293D2007F21D3 /* Debug */ = {
			isa = XCBuildConfiguration;
			buildSettings = {
				ALWAYS_SEARCH_USER_PATHS = NO;
				CLANG_ANALYZER_NONNULL = YES;
				CLANG_ANALYZER_NUMBER_OBJECT_CONVERSION = YES_AGGRESSIVE;
				CLANG_CXX_LANGUAGE_STANDARD = "gnu++14";
				CLANG_CXX_LIBRARY = "libc++";
				CLANG_ENABLE_MODULES = YES;
				CLANG_ENABLE_OBJC_ARC = YES;
				CLANG_ENABLE_OBJC_WEAK = YES;
				CLANG_WARN_BLOCK_CAPTURE_AUTORELEASING = YES;
				CLANG_WARN_BOOL_CONVERSION = YES;
				CLANG_WARN_COMMA = YES;
				CLANG_WARN_CONSTANT_CONVERSION = YES;
				CLANG_WARN_DEPRECATED_OBJC_IMPLEMENTATIONS = YES;
				CLANG_WARN_DIRECT_OBJC_ISA_USAGE = YES_ERROR;
				CLANG_WARN_DOCUMENTATION_COMMENTS = YES;
				CLANG_WARN_EMPTY_BODY = YES;
				CLANG_WARN_ENUM_CONVERSION = YES;
				CLANG_WARN_INFINITE_RECURSION = YES;
				CLANG_WARN_INT_CONVERSION = YES;
				CLANG_WARN_NON_LITERAL_NULL_CONVERSION = YES;
				CLANG_WARN_OBJC_IMPLICIT_RETAIN_SELF = YES;
				CLANG_WARN_OBJC_LITERAL_CONVERSION = YES;
				CLANG_WARN_OBJC_ROOT_CLASS = YES_ERROR;
				CLANG_WARN_QUOTED_INCLUDE_IN_FRAMEWORK_HEADER = YES;
				CLANG_WARN_RANGE_LOOP_ANALYSIS = YES;
				CLANG_WARN_STRICT_PROTOTYPES = YES;
				CLANG_WARN_SUSPICIOUS_MOVE = YES;
				CLANG_WARN_UNGUARDED_AVAILABILITY = YES_AGGRESSIVE;
				CLANG_WARN_UNREACHABLE_CODE = YES;
				CLANG_WARN__DUPLICATE_METHOD_MATCH = YES;
				COPY_PHASE_STRIP = NO;
				DEBUG_INFORMATION_FORMAT = dwarf;
				ENABLE_STRICT_OBJC_MSGSEND = YES;
				ENABLE_TESTABILITY = YES;
				GCC_C_LANGUAGE_STANDARD = gnu11;
				GCC_DYNAMIC_NO_PIC = NO;
				GCC_NO_COMMON_BLOCKS = YES;
				GCC_OPTIMIZATION_LEVEL = 0;
				GCC_PREPROCESSOR_DEFINITIONS = (
					"DEBUG=1",
					"$(inherited)",
				);
				GCC_WARN_64_TO_32_BIT_CONVERSION = YES;
				GCC_WARN_ABOUT_RETURN_TYPE = YES_ERROR;
				GCC_WARN_UNDECLARED_SELECTOR = YES;
				GCC_WARN_UNINITIALIZED_AUTOS = YES_AGGRESSIVE;
				GCC_WARN_UNUSED_FUNCTION = YES;
				GCC_WARN_UNUSED_VARIABLE = YES;
				IPHONEOS_DEPLOYMENT_TARGET = 14.1;
				MTL_ENABLE_DEBUG_INFO = INCLUDE_SOURCE;
				MTL_FAST_MATH = YES;
				ONLY_ACTIVE_ARCH = YES;
				SDKROOT = iphoneos;
				SWIFT_ACTIVE_COMPILATION_CONDITIONS = DEBUG;
				SWIFT_OPTIMIZATION_LEVEL = "-Onone";
			};
			name = Debug;
		};
		5ADFF3C5263293D2007F21D3 /* Release */ = {
			isa = XCBuildConfiguration;
			buildSettings = {
				ALWAYS_SEARCH_USER_PATHS = NO;
				CLANG_ANALYZER_NONNULL = YES;
				CLANG_ANALYZER_NUMBER_OBJECT_CONVERSION = YES_AGGRESSIVE;
				CLANG_CXX_LANGUAGE_STANDARD = "gnu++14";
				CLANG_CXX_LIBRARY = "libc++";
				CLANG_ENABLE_MODULES = YES;
				CLANG_ENABLE_OBJC_ARC = YES;
				CLANG_ENABLE_OBJC_WEAK = YES;
				CLANG_WARN_BLOCK_CAPTURE_AUTORELEASING = YES;
				CLANG_WARN_BOOL_CONVERSION = YES;
				CLANG_WARN_COMMA = YES;
				CLANG_WARN_CONSTANT_CONVERSION = YES;
				CLANG_WARN_DEPRECATED_OBJC_IMPLEMENTATIONS = YES;
				CLANG_WARN_DIRECT_OBJC_ISA_USAGE = YES_ERROR;
				CLANG_WARN_DOCUMENTATION_COMMENTS = YES;
				CLANG_WARN_EMPTY_BODY = YES;
				CLANG_WARN_ENUM_CONVERSION = YES;
				CLANG_WARN_INFINITE_RECURSION = YES;
				CLANG_WARN_INT_CONVERSION = YES;
				CLANG_WARN_NON_LITERAL_NULL_CONVERSION = YES;
				CLANG_WARN_OBJC_IMPLICIT_RETAIN_SELF = YES;
				CLANG_WARN_OBJC_LITERAL_CONVERSION = YES;
				CLANG_WARN_OBJC_ROOT_CLASS = YES_ERROR;
				CLANG_WARN_QUOTED_INCLUDE_IN_FRAMEWORK_HEADER = YES;
				CLANG_WARN_RANGE_LOOP_ANALYSIS = YES;
				CLANG_WARN_STRICT_PROTOTYPES = YES;
				CLANG_WARN_SUSPICIOUS_MOVE = YES;
				CLANG_WARN_UNGUARDED_AVAILABILITY = YES_AGGRESSIVE;
				CLANG_WARN_UNREACHABLE_CODE = YES;
				CLANG_WARN__DUPLICATE_METHOD_MATCH = YES;
				COPY_PHASE_STRIP = NO;
				DEBUG_INFORMATION_FORMAT = "dwarf-with-dsym";
				ENABLE_NS_ASSERTIONS = NO;
				ENABLE_STRICT_OBJC_MSGSEND = YES;
				GCC_C_LANGUAGE_STANDARD = gnu11;
				GCC_NO_COMMON_BLOCKS = YES;
				GCC_WARN_64_TO_32_BIT_CONVERSION = YES;
				GCC_WARN_ABOUT_RETURN_TYPE = YES_ERROR;
				GCC_WARN_UNDECLARED_SELECTOR = YES;
				GCC_WARN_UNINITIALIZED_AUTOS = YES_AGGRESSIVE;
				GCC_WARN_UNUSED_FUNCTION = YES;
				GCC_WARN_UNUSED_VARIABLE = YES;
				IPHONEOS_DEPLOYMENT_TARGET = 14.1;
				MTL_ENABLE_DEBUG_INFO = NO;
				MTL_FAST_MATH = YES;
				SDKROOT = iphoneos;
				SWIFT_COMPILATION_MODE = wholemodule;
				SWIFT_OPTIMIZATION_LEVEL = "-O";
				VALIDATE_PRODUCT = YES;
			};
			name = Release;
		};
		5ADFF3C7263293D2007F21D3 /* Debug */ = {
			isa = XCBuildConfiguration;
			buildSettings = {
				ASSETCATALOG_COMPILER_APPICON_NAME = AppIcon;
				ASSETCATALOG_COMPILER_GLOBAL_ACCENT_COLOR_NAME = AccentColor;
				CODE_SIGN_STYLE = Automatic;
				DEVELOPMENT_ASSET_PATHS = "\"ChuckNorrisRules/Preview Content\"";
				ENABLE_PREVIEWS = YES;
				INFOPLIST_FILE = ChuckNorrisRules/Info.plist;
				LD_RUNPATH_SEARCH_PATHS = (
					"$(inherited)",
					"@executable_path/Frameworks",
				);
				PRODUCT_BUNDLE_IDENTIFIER = com.practice.com.ChuckNorrisRules;
				PRODUCT_NAME = "$(TARGET_NAME)";
				SWIFT_VERSION = 5.0;
				TARGETED_DEVICE_FAMILY = "1,2";
			};
			name = Debug;
		};
		5ADFF3C8263293D2007F21D3 /* Release */ = {
			isa = XCBuildConfiguration;
			buildSettings = {
				ASSETCATALOG_COMPILER_APPICON_NAME = AppIcon;
				ASSETCATALOG_COMPILER_GLOBAL_ACCENT_COLOR_NAME = AccentColor;
				CODE_SIGN_STYLE = Automatic;
				DEVELOPMENT_ASSET_PATHS = "\"ChuckNorrisRules/Preview Content\"";
				ENABLE_PREVIEWS = YES;
				INFOPLIST_FILE = ChuckNorrisRules/Info.plist;
				LD_RUNPATH_SEARCH_PATHS = (
					"$(inherited)",
					"@executable_path/Frameworks",
				);
				PRODUCT_BUNDLE_IDENTIFIER = com.practice.com.ChuckNorrisRules;
				PRODUCT_NAME = "$(TARGET_NAME)";
				SWIFT_VERSION = 5.0;
				TARGETED_DEVICE_FAMILY = "1,2";
			};
			name = Release;
		};
		5ADFF3CA263293D2007F21D3 /* Debug */ = {
			isa = XCBuildConfiguration;
			buildSettings = {
				ALWAYS_EMBED_SWIFT_STANDARD_LIBRARIES = YES;
				BUNDLE_LOADER = "$(TEST_HOST)";
				CODE_SIGN_STYLE = Automatic;
				INFOPLIST_FILE = ChuckNorrisRulesTests/Info.plist;
				IPHONEOS_DEPLOYMENT_TARGET = 14.4;
				LD_RUNPATH_SEARCH_PATHS = (
					"$(inherited)",
					"@executable_path/Frameworks",
					"@loader_path/Frameworks",
				);
				PRODUCT_BUNDLE_IDENTIFIER = com.practice.com.ChuckNorrisRulesTests;
				PRODUCT_NAME = "$(TARGET_NAME)";
				SWIFT_VERSION = 5.0;
				TARGETED_DEVICE_FAMILY = "1,2";
				TEST_HOST = "$(BUILT_PRODUCTS_DIR)/ChuckNorrisRules.app/ChuckNorrisRules";
			};
			name = Debug;
		};
		5ADFF3CB263293D2007F21D3 /* Release */ = {
			isa = XCBuildConfiguration;
			buildSettings = {
				ALWAYS_EMBED_SWIFT_STANDARD_LIBRARIES = YES;
				BUNDLE_LOADER = "$(TEST_HOST)";
				CODE_SIGN_STYLE = Automatic;
				INFOPLIST_FILE = ChuckNorrisRulesTests/Info.plist;
				IPHONEOS_DEPLOYMENT_TARGET = 14.4;
				LD_RUNPATH_SEARCH_PATHS = (
					"$(inherited)",
					"@executable_path/Frameworks",
					"@loader_path/Frameworks",
				);
				PRODUCT_BUNDLE_IDENTIFIER = com.practice.com.ChuckNorrisRulesTests;
				PRODUCT_NAME = "$(TARGET_NAME)";
				SWIFT_VERSION = 5.0;
				TARGETED_DEVICE_FAMILY = "1,2";
				TEST_HOST = "$(BUILT_PRODUCTS_DIR)/ChuckNorrisRules.app/ChuckNorrisRules";
			};
			name = Release;
		};
		5ADFF3CD263293D2007F21D3 /* Debug */ = {
			isa = XCBuildConfiguration;
			buildSettings = {
				ALWAYS_EMBED_SWIFT_STANDARD_LIBRARIES = YES;
				CODE_SIGN_STYLE = Automatic;
				INFOPLIST_FILE = ChuckNorrisRulesUITests/Info.plist;
				LD_RUNPATH_SEARCH_PATHS = (
					"$(inherited)",
					"@executable_path/Frameworks",
					"@loader_path/Frameworks",
				);
				PRODUCT_BUNDLE_IDENTIFIER = com.practice.com.ChuckNorrisRulesUITests;
				PRODUCT_NAME = "$(TARGET_NAME)";
				SWIFT_VERSION = 5.0;
				TARGETED_DEVICE_FAMILY = "1,2";
				TEST_TARGET_NAME = ChuckNorrisRules;
			};
			name = Debug;
		};
		5ADFF3CE263293D2007F21D3 /* Release */ = {
			isa = XCBuildConfiguration;
			buildSettings = {
				ALWAYS_EMBED_SWIFT_STANDARD_LIBRARIES = YES;
				CODE_SIGN_STYLE = Automatic;
				INFOPLIST_FILE = ChuckNorrisRulesUITests/Info.plist;
				LD_RUNPATH_SEARCH_PATHS = (
					"$(inherited)",
					"@executable_path/Frameworks",
					"@loader_path/Frameworks",
				);
				PRODUCT_BUNDLE_IDENTIFIER = com.practice.com.ChuckNorrisRulesUITests;
				PRODUCT_NAME = "$(TARGET_NAME)";
				SWIFT_VERSION = 5.0;
				TARGETED_DEVICE_FAMILY = "1,2";
				TEST_TARGET_NAME = ChuckNorrisRules;
			};
			name = Release;
		};
/* End XCBuildConfiguration section */

/* Begin XCConfigurationList section */
		5ADFF397263293D1007F21D3 /* Build configuration list for PBXProject "ChuckNorrisRules" */ = {
			isa = XCConfigurationList;
			buildConfigurations = (
				5ADFF3C4263293D2007F21D3 /* Debug */,
				5ADFF3C5263293D2007F21D3 /* Release */,
			);
			defaultConfigurationIsVisible = 0;
			defaultConfigurationName = Release;
		};
		5ADFF3C6263293D2007F21D3 /* Build configuration list for PBXNativeTarget "ChuckNorrisRules" */ = {
			isa = XCConfigurationList;
			buildConfigurations = (
				5ADFF3C7263293D2007F21D3 /* Debug */,
				5ADFF3C8263293D2007F21D3 /* Release */,
			);
			defaultConfigurationIsVisible = 0;
			defaultConfigurationName = Release;
		};
		5ADFF3C9263293D2007F21D3 /* Build configuration list for PBXNativeTarget "ChuckNorrisRulesTests" */ = {
			isa = XCConfigurationList;
			buildConfigurations = (
				5ADFF3CA263293D2007F21D3 /* Debug */,
				5ADFF3CB263293D2007F21D3 /* Release */,
			);
			defaultConfigurationIsVisible = 0;
			defaultConfigurationName = Release;
		};
		5ADFF3CC263293D2007F21D3 /* Build configuration list for PBXNativeTarget "ChuckNorrisRulesUITests" */ = {
			isa = XCConfigurationList;
			buildConfigurations = (
				5ADFF3CD263293D2007F21D3 /* Debug */,
				5ADFF3CE263293D2007F21D3 /* Release */,
			);
			defaultConfigurationIsVisible = 0;
			defaultConfigurationName = Release;
		};
/* End XCConfigurationList section */
	};
	rootObject = 5ADFF394263293D1007F21D3 /* Project object */;
}
